# This file was autogenerated by Stack.
# You should not edit this file by hand.
# For more information, please see the documentation at:
#   https://docs.haskellstack.org/en/stable/lock_files

packages:
- completed:
    hackage: AesonBson-0.4.0@sha256:fb368ec6f750d582c0630b2eb0d562d7eecab87da4a099593746298b27184a95,1333
    pantry-tree:
      size: 378
      sha256: c77494ff9ecf48cf4675e4973f8cbcf946e5a4badb023c50ea5a7c788aced7b4
  original:
    hackage: AesonBson-0.4.0
- completed:
    hackage: happstack-server-7.6.0@sha256:e031f81e859558ef945baa437f2c0a85750a06041a805b5508b06dbc459c5a8a,6381
    pantry-tree:
      size: 3060
      sha256: 643f83c7bb1cf294e71bb9421ba747bf7831083967ea10267db0cb9a0411c1e7
  original:
    hackage: happstack-server-7.6.0
- completed:
    hackage: HDBC-postgresql-2.3.2.7@sha256:93d8e3c3d2dc9291a10f28ae3f8d0604a55ef47298ed43003a4d16f3d9905bae,3228
    pantry-tree:
      size: 1740
      sha256: 07bfba988402849f447025b324f2993ea88ac0ec4f7dd4b86942644e2e239d45
  original:
    hackage: HDBC-postgresql-2.3.2.7
- completed:
    hackage: json-0.10@sha256:d9fc6b07ce92b8894825a17d2cf14799856767eb30c8bf55962baa579207d799,3210
    pantry-tree:
      size: 3190
      sha256: 5654f66b7cd8bf087ac040a9b0a83eb064219eab32230f61a3adeddfdbb4d4cd
  original:
    hackage: json-0.10
- completed:
    name: orville
    version: 0.8.4.0
    git: https://github.com/EdutainmentLIVE/orville
    pantry-tree:
      size: 3469
      sha256: 76d4d3dae2b290376f0d6273a8e466b473c4500e2f49b8028e87931120227d86
    commit: 8a2432891e96a547777b67a67135e235a1dce80c
  original:
    git: https://github.com/EdutainmentLIVE/orville
    commit: 8a2432891e96a547777b67a67135e235a1dce80c
- completed:
    name: convertible
    version: 1.1.1.0
    git: https://github.com/codygman/convertible
    pantry-tree:
      size: 1203
      sha256: 1ef2e7ae46d4206dffa6b57b3067cc3c814da478b2f72703fcfbf537abccf0c8
    commit: 9e4849e143458aa3175e71bc2a8a29502272eb88
  original:
    git: https://github.com/codygman/convertible
    commit: 9e4849e143458aa3175e71bc2a8a29502272eb88
- completed:
    name: HPDF
    version: 1.5.0
    git: https://github.com/aschmois/HPDF
    pantry-tree:
      size: 4696
      sha256: ed77f4ab6eb45f1c5fadf612996e392c75baab64f6f5c7e7fb8c300ac29a330d
    commit: 33097b1485062f0c1cbe0b97bc26eb1a27385dbf
  original:
    git: https://github.com/aschmois/HPDF
    commit: 33097b1485062f0c1cbe0b97bc26eb1a27385dbf
snapshots:
- completed:
    size: 531718
    url: https://raw.githubusercontent.com/commercialhaskell/stackage-snapshots/master/lts/16/6.yaml
    sha256: 230a7266fc11f76222bd3bb68e9503ed11d553060a752f164bff6753ed03e271
  original: lts-16.6
