# This file was autogenerated by Stack.
# You should not edit this file by hand.
# For more information, please see the documentation at:
#   https://docs.haskellstack.org/en/stable/lock_files

packages:
- completed:
    hackage: happstack-server-7.6.0@sha256:e031f81e859558ef945baa437f2c0a85750a06041a805b5508b06dbc459c5a8a,6381
    pantry-tree:
      size: 3060
      sha256: 643f83c7bb1cf294e71bb9421ba747bf7831083967ea10267db0cb9a0411c1e7
  original:
    hackage: happstack-server-7.6.0
- completed:
    hackage: HDBC-2.4.0.3@sha256:99d3de808f53271afb0a8c31adfc99c7ef94f28355aba58bb0c9dffd4376296f,2998
    pantry-tree:
      size: 1004
      sha256: 4a151afa92d9d77a85b5d05583b93744bbec353b995a07daf4a4739211ced292
  original:
    hackage: HDBC-2.4.0.3
- completed:
    hackage: HDBC-postgresql-2.3.2.7@sha256:93d8e3c3d2dc9291a10f28ae3f8d0604a55ef47298ed43003a4d16f3d9905bae,3228
    pantry-tree:
      size: 1740
      sha256: 07bfba988402849f447025b324f2993ea88ac0ec4f7dd4b86942644e2e239d45
  original:
    hackage: HDBC-postgresql-2.3.2.7
- completed:
    hackage: hedis-0.12.9@sha256:f96ae4839616d9a4c83fcfd1ada6434db113891e9805957ad100fe4f6281ed92,5032
    pantry-tree:
      size: 1208
      sha256: e405737cae6619a07cb1910cb3722ea220bba26338dc149a00c8bc38383d621c
  original:
    hackage: hedis-0.12.9
- completed:
    hackage: hslogger-1.3.1.0@sha256:88655f6a7cc52529a7b3053b4ed304b250464b560c91092027bb66d62972a8bc,2899
    pantry-tree:
      size: 1411
      sha256: 1c54751dd3c55003983b6d07a45ce964f1ff9e0fbf5db5e9eb591495b38bbdb8
  original:
    hackage: hslogger-1.3.1.0
- completed:
    hackage: HTTP-4000.3.14@sha256:3c19975fdfd8d057eae58847bda6a79514ad882fd6f8ead72ac0247af34bdfc6,5843
    pantry-tree:
      size: 1428
      sha256: 79d6415c699a628b1fe730562fe6f7bcc29aed659cf8bba3990cf86cd1cf73d9
  original:
    hackage: HTTP-4000.3.14
- completed:
    hackage: mongoDB-2.6.0.0@sha256:b013ed8a3b062c07260156fcb20319f8734864366d5698f7170c908d203b74bf,5215
    pantry-tree:
      size: 1186
      sha256: 731286ec993dd8e8845fbb3ebae2a4a50b137ffbd2555e0ef23e3fb7b7b07d9c
  original:
    hackage: mongoDB-2.6.0.0
- completed:
    hackage: xml-lens-0.2@sha256:94baa69c3cca87b5367688aea390d12087141dca87481606f237bfffef13f729,995
    pantry-tree:
      size: 208
      sha256: 5cd7112d36fd05e0db4420b1268ebbcd8b8503ee57355c467c71c1790fb08902
  original:
    hackage: xml-lens-0.2
- completed:
    name: json
    version: 0.9.3
    git: https://github.com/quasicomputational/json
    pantry-tree:
      size: 3290
      sha256: a64f8eae23046f5a1d938ded85b88e1bf6e17fd1654da67f9344ec52f6ecfb62
    commit: e867c442687f267dc1cc41a3492405b1ec5ab9e6
  original:
    git: https://github.com/quasicomputational/json
    commit: e867c442687f267dc1cc41a3492405b1ec5ab9e6
- completed:
    name: network-bsd
    version: 2.8.1.0
    git: https://github.com/haskell-vanguard/network-bsd
    pantry-tree:
      size: 424
      sha256: caa778298b1e4cad8871225ae682a409f23efd448e047d13a03476798507e87d
    commit: 9f372485748f8b29ce6e723eb838da6f55d4157f
  original:
    git: https://github.com/haskell-vanguard/network-bsd
    commit: 9f372485748f8b29ce6e723eb838da6f55d4157f
- completed:
    name: HPDF
    version: 1.5.0
    git: https://github.com/tfausak/HPDF
    pantry-tree:
      size: 4808
      sha256: 069941df9849f3619463be3a41fccba63f42b695c17d832d17d65c25116608ee
    commit: 31e2b887cd32661b1ac936335635be5c00216bc8
  original:
    git: https://github.com/tfausak/HPDF
    commit: 31e2b887cd32661b1ac936335635be5c00216bc8
- completed:
    name: orville
    version: 0.8.4.0
    git: https://github.com/EdutainmentLIVE/orville
    pantry-tree:
      size: 3469
      sha256: 76d4d3dae2b290376f0d6273a8e466b473c4500e2f49b8028e87931120227d86
    commit: 8a2432891e96a547777b67a67135e235a1dce80c
  original:
    git: https://github.com/EdutainmentLIVE/orville
    commit: 8a2432891e96a547777b67a67135e235a1dce80c
snapshots:
- completed:
    size: 491373
    url: https://raw.githubusercontent.com/commercialhaskell/stackage-snapshots/master/lts/15/3.yaml
    sha256: 29e9ff61b8bf4b4fcff55cde3ac106ebb971f0d21331dccac9eee63374fa6ca8
  original: lts-15.3
